
Microsoft Visual Studio Solution File, Format Version 12.00
# Visual Studio 14
VisualStudioVersion = 14.0.25420.1
MinimumVisualStudioVersion = 10.0.40219.1
Project("{FAE04EC0-301F-11D3-BF4B-00C04F79EFBC}") = "Win.Rentas1", "Win.Rentas1\Win.Rentas1.csproj", "{03B18E2A-5D7A-4BD4-952F-ADDC7174C3A5}"
EndProject
Project("{FAE04EC0-301F-11D3-BF4B-00C04F79EFBC}") = "BL.Rentas", "BL.Rentas\BL.Rentas.csproj", "{44381298-BFBE-494B-B23B-FAE1CB6E4296}"
EndProject
Global
	GlobalSection(SolutionConfigurationPlatforms) = preSolution
		Debug|Any CPU = Debug|Any CPU
		Release|Any CPU = Release|Any CPU
	EndGlobalSection
	GlobalSection(ProjectConfigurationPlatforms) = postSolution
		{03B18E2A-5D7A-4BD4-952F-ADDC7174C3A5}.Debug|Any CPU.ActiveCfg = Debug|Any CPU
		{03B18E2A-5D7A-4BD4-952F-ADDC7174C3A5}.Debug|Any CPU.Build.0 = Debug|Any CPU
		{03B18E2A-5D7A-4BD4-952F-ADDC7174C3A5}.Release|Any CPU.ActiveCfg = Release|Any CPU
		{03B18E2A-5D7A-4BD4-952F-ADDC7174C3A5}.Release|Any CPU.Build.0 = Release|Any CPU
		{44381298-BFBE-494B-B23B-FAE1CB6E4296}.Debug|Any CPU.ActiveCfg = Debug|Any CPU
		{44381298-BFBE-494B-B23B-FAE1CB6E4296}.Debug|Any CPU.Build.0 = Debug|Any CPU
		{44381298-BFBE-494B-B23B-FAE1CB6E4296}.Release|Any CPU.ActiveCfg = Release|Any CPU
		{44381298-BFBE-494B-B23B-FAE1CB6E4296}.Release|Any CPU.Build.0 = Release|Any CPU
	EndGlobalSection
	GlobalSection(SolutionProperties) = preSolution
		HideSolutionNode = FALSE
	EndGlobalSection
EndGlobal
